
Microsoft Visual Studio Solution File, Format Version 12.00
# Visual Studio Version 16
VisualStudioVersion = 16.0.30711.63
MinimumVisualStudioVersion = 10.0.40219.1
Project("{FAE04EC0-301F-11D3-BF4B-00C04F79EFBC}") = "NCollections", "NCollections\NCollections.csproj", "{5799D1F7-2BD1-45AA-9D40-167E540EFC38}"
EndProject
Global
	GlobalSection(SolutionConfigurationPlatforms) = preSolution
		Debug|Any CPU = Debug|Any CPU
		Release|Any CPU = Release|Any CPU
	EndGlobalSection
	GlobalSection(ProjectConfigurationPlatforms) = postSolution
		{5799D1F7-2BD1-45AA-9D40-167E540EFC38}.Debug|Any CPU.ActiveCfg = Debug|Any CPU
		{5799D1F7-2BD1-45AA-9D40-167E540EFC38}.Debug|Any CPU.Build.0 = Debug|Any CPU
		{5799D1F7-2BD1-45AA-9D40-167E540EFC38}.Release|Any CPU.ActiveCfg = Release|Any CPU
		{5799D1F7-2BD1-45AA-9D40-167E540EFC38}.Release|Any CPU.Build.0 = Release|Any CPU
	EndGlobalSection
	GlobalSection(SolutionProperties) = preSolution
		HideSolutionNode = FALSE
	EndGlobalSection
	GlobalSection(ExtensibilityGlobals) = postSolution
		SolutionGuid = {DBA13F34-EF2E-459A-A1B6-E4B8A2D0039E}
	EndGlobalSection
EndGlobal
